
Microsoft Visual Studio Solution File, Format Version 12.00
# Visual Studio 14
VisualStudioVersion = 14.0.25123.0
MinimumVisualStudioVersion = 10.0.40219.1
Project("{FAE04EC0-301F-11D3-BF4B-00C04F79EFBC}") = "PocAlim.Droid", "PocAlim\PocAlim.Droid\PocAlim.Droid.csproj", "{83B98583-B9A0-4226-B105-8BE9EF359EAC}"
EndProject
Project("{FAE04EC0-301F-11D3-BF4B-00C04F79EFBC}") = "PocAlim.iOS", "PocAlim\PocAlim.iOS\PocAlim.iOS.csproj", "{CA6382AA-49B4-4B14-89FD-94B37026DF06}"
EndProject
Project("{FAE04EC0-301F-11D3-BF4B-00C04F79EFBC}") = "PocAlim.WinPhone", "PocAlim\PocAlim.WinPhone\PocAlim.WinPhone.csproj", "{37ECE54D-34ED-44F0-8C29-8BD847B4C90C}"
EndProject
Project("{FAE04EC0-301F-11D3-BF4B-00C04F79EFBC}") = "PocAlim", "PocAlim\PocAlim\PocAlim.csproj", "{45056F7C-B830-4510-9297-4390303CDD18}"
EndProject
Global
	GlobalSection(SolutionConfigurationPlatforms) = preSolution
		AppStore|Any CPU = AppStore|Any CPU
		AppStore|ARM = AppStore|ARM
		AppStore|iPhone = AppStore|iPhone
		AppStore|iPhoneSimulator = AppStore|iPhoneSimulator
		AppStore|x86 = AppStore|x86
		Debug|Any CPU = Debug|Any CPU
		Debug|ARM = Debug|ARM
		Debug|iPhone = Debug|iPhone
		Debug|iPhoneSimulator = Debug|iPhoneSimulator
		Debug|x86 = Debug|x86
		Release|Any CPU = Release|Any CPU
		Release|ARM = Release|ARM
		Release|iPhone = Release|iPhone
		Release|iPhoneSimulator = Release|iPhoneSimulator
		Release|x86 = Release|x86
	EndGlobalSection
	GlobalSection(ProjectConfigurationPlatforms) = postSolution
		{83B98583-B9A0-4226-B105-8BE9EF359EAC}.AppStore|Any CPU.ActiveCfg = Release|Any CPU
		{83B98583-B9A0-4226-B105-8BE9EF359EAC}.AppStore|Any CPU.Build.0 = Release|Any CPU
		{83B98583-B9A0-4226-B105-8BE9EF359EAC}.AppStore|Any CPU.Deploy.0 = Release|Any CPU
		{83B98583-B9A0-4226-B105-8BE9EF359EAC}.AppStore|ARM.ActiveCfg = Release|Any CPU
		{83B98583-B9A0-4226-B105-8BE9EF359EAC}.AppStore|ARM.Build.0 = Release|Any CPU
		{83B98583-B9A0-4226-B105-8BE9EF359EAC}.AppStore|ARM.Deploy.0 = Release|Any CPU
		{83B98583-B9A0-4226-B105-8BE9EF359EAC}.AppStore|iPhone.ActiveCfg = Release|Any CPU
		{83B98583-B9A0-4226-B105-8BE9EF359EAC}.AppStore|iPhone.Build.0 = Release|Any CPU
		{83B98583-B9A0-4226-B105-8BE9EF359EAC}.AppStore|iPhone.Deploy.0 = Release|Any CPU
		{83B98583-B9A0-4226-B105-8BE9EF359EAC}.AppStore|iPhoneSimulator.ActiveCfg = Release|Any CPU
		{83B98583-B9A0-4226-B105-8BE9EF359EAC}.AppStore|iPhoneSimulator.Build.0 = Release|Any CPU
		{83B98583-B9A0-4226-B105-8BE9EF359EAC}.AppStore|iPhoneSimulator.Deploy.0 = Release|Any CPU
		{83B98583-B9A0-4226-B105-8BE9EF359EAC}.AppStore|x86.ActiveCfg = Release|Any CPU
		{83B98583-B9A0-4226-B105-8BE9EF359EAC}.AppStore|x86.Build.0 = Release|Any CPU
		{83B98583-B9A0-4226-B105-8BE9EF359EAC}.AppStore|x86.Deploy.0 = Release|Any CPU
		{83B98583-B9A0-4226-B105-8BE9EF359EAC}.Debug|Any CPU.ActiveCfg = Debug|Any CPU
		{83B98583-B9A0-4226-B105-8BE9EF359EAC}.Debug|Any CPU.Build.0 = Debug|Any CPU
		{83B98583-B9A0-4226-B105-8BE9EF359EAC}.Debug|Any CPU.Deploy.0 = Debug|Any CPU
		{83B98583-B9A0-4226-B105-8BE9EF359EAC}.Debug|ARM.ActiveCfg = Debug|Any CPU
		{83B98583-B9A0-4226-B105-8BE9EF359EAC}.Debug|ARM.Build.0 = Debug|Any CPU
		{83B98583-B9A0-4226-B105-8BE9EF359EAC}.Debug|ARM.Deploy.0 = Debug|Any CPU
		{83B98583-B9A0-4226-B105-8BE9EF359EAC}.Debug|iPhone.ActiveCfg = Debug|Any CPU
		{83B98583-B9A0-4226-B105-8BE9EF359EAC}.Debug|iPhone.Build.0 = Debug|Any CPU
		{83B98583-B9A0-4226-B105-8BE9EF359EAC}.Debug|iPhone.Deploy.0 = Debug|Any CPU
		{83B98583-B9A0-4226-B105-8BE9EF359EAC}.Debug|iPhoneSimulator.ActiveCfg = Debug|Any CPU
		{83B98583-B9A0-4226-B105-8BE9EF359EAC}.Debug|iPhoneSimulator.Build.0 = Debug|Any CPU
		{83B98583-B9A0-4226-B105-8BE9EF359EAC}.Debug|iPhoneSimulator.Deploy.0 = Debug|Any CPU
		{83B98583-B9A0-4226-B105-8BE9EF359EAC}.Debug|x86.ActiveCfg = Debug|Any CPU
		{83B98583-B9A0-4226-B105-8BE9EF359EAC}.Debug|x86.Build.0 = Debug|Any CPU
		{83B98583-B9A0-4226-B105-8BE9EF359EAC}.Debug|x86.Deploy.0 = Debug|Any CPU
		{83B98583-B9A0-4226-B105-8BE9EF359EAC}.Release|Any CPU.ActiveCfg = Release|Any CPU
		{83B98583-B9A0-4226-B105-8BE9EF359EAC}.Release|Any CPU.Build.0 = Release|Any CPU
		{83B98583-B9A0-4226-B105-8BE9EF359EAC}.Release|Any CPU.Deploy.0 = Release|Any CPU
		{83B98583-B9A0-4226-B105-8BE9EF359EAC}.Release|ARM.ActiveCfg = Release|Any CPU
		{83B98583-B9A0-4226-B105-8BE9EF359EAC}.Release|ARM.Build.0 = Release|Any CPU
		{83B98583-B9A0-4226-B105-8BE9EF359EAC}.Release|ARM.Deploy.0 = Release|Any CPU
		{83B98583-B9A0-4226-B105-8BE9EF359EAC}.Release|iPhone.ActiveCfg = Release|Any CPU
		{83B98583-B9A0-4226-B105-8BE9EF359EAC}.Release|iPhone.Build.0 = Release|Any CPU
		{83B98583-B9A0-4226-B105-8BE9EF359EAC}.Release|iPhone.Deploy.0 = Release|Any CPU
		{83B98583-B9A0-4226-B105-8BE9EF359EAC}.Release|iPhoneSimulator.ActiveCfg = Release|Any CPU
		{83B98583-B9A0-4226-B105-8BE9EF359EAC}.Release|iPhoneSimulator.Build.0 = Release|Any CPU
		{83B98583-B9A0-4226-B105-8BE9EF359EAC}.Release|iPhoneSimulator.Deploy.0 = Release|Any CPU
		{83B98583-B9A0-4226-B105-8BE9EF359EAC}.Release|x86.ActiveCfg = Release|Any CPU
		{83B98583-B9A0-4226-B105-8BE9EF359EAC}.Release|x86.Build.0 = Release|Any CPU
		{83B98583-B9A0-4226-B105-8BE9EF359EAC}.Release|x86.Deploy.0 = Release|Any CPU
		{CA6382AA-49B4-4B14-89FD-94B37026DF06}.AppStore|Any CPU.ActiveCfg = AppStore|iPhone
		{CA6382AA-49B4-4B14-89FD-94B37026DF06}.AppStore|ARM.ActiveCfg = AppStore|iPhone
		{CA6382AA-49B4-4B14-89FD-94B37026DF06}.AppStore|iPhone.ActiveCfg = AppStore|iPhone
		{CA6382AA-49B4-4B14-89FD-94B37026DF06}.AppStore|iPhone.Build.0 = AppStore|iPhone
		{CA6382AA-49B4-4B14-89FD-94B37026DF06}.AppStore|iPhoneSimulator.ActiveCfg = AppStore|iPhoneSimulator
		{CA6382AA-49B4-4B14-89FD-94B37026DF06}.AppStore|iPhoneSimulator.Build.0 = AppStore|iPhoneSimulator
		{CA6382AA-49B4-4B14-89FD-94B37026DF06}.AppStore|x86.ActiveCfg = AppStore|iPhone
		{CA6382AA-49B4-4B14-89FD-94B37026DF06}.Debug|Any CPU.ActiveCfg = Debug|iPhone
		{CA6382AA-49B4-4B14-89FD-94B37026DF06}.Debug|ARM.ActiveCfg = Debug|iPhone
		{CA6382AA-49B4-4B14-89FD-94B37026DF06}.Debug|iPhone.ActiveCfg = Debug|iPhone
		{CA6382AA-49B4-4B14-89FD-94B37026DF06}.Debug|iPhone.Build.0 = Debug|iPhone
		{CA6382AA-49B4-4B14-89FD-94B37026DF06}.Debug|iPhoneSimulator.ActiveCfg = Debug|iPhoneSimulator
		{CA6382AA-49B4-4B14-89FD-94B37026DF06}.Debug|iPhoneSimulator.Build.0 = Debug|iPhoneSimulator
		{CA6382AA-49B4-4B14-89FD-94B37026DF06}.Debug|x86.ActiveCfg = Debug|iPhone
		{CA6382AA-49B4-4B14-89FD-94B37026DF06}.Release|Any CPU.ActiveCfg = Release|iPhone
		{CA6382AA-49B4-4B14-89FD-94B37026DF06}.Release|ARM.ActiveCfg = Release|iPhone
		{CA6382AA-49B4-4B14-89FD-94B37026DF06}.Release|iPhone.ActiveCfg = Release|iPhone
		{CA6382AA-49B4-4B14-89FD-94B37026DF06}.Release|iPhone.Build.0 = Release|iPhone
		{CA6382AA-49B4-4B14-89FD-94B37026DF06}.Release|iPhoneSimulator.ActiveCfg = Release|iPhoneSimulator
		{CA6382AA-49B4-4B14-89FD-94B37026DF06}.Release|iPhoneSimulator.Build.0 = Release|iPhoneSimulator
		{CA6382AA-49B4-4B14-89FD-94B37026DF06}.Release|x86.ActiveCfg = Release|iPhone
		{37ECE54D-34ED-44F0-8C29-8BD847B4C90C}.AppStore|Any CPU.ActiveCfg = Release|Any CPU
		{37ECE54D-34ED-44F0-8C29-8BD847B4C90C}.AppStore|Any CPU.Build.0 = Release|Any CPU
		{37ECE54D-34ED-44F0-8C29-8BD847B4C90C}.AppStore|Any CPU.Deploy.0 = Release|Any CPU
		{37ECE54D-34ED-44F0-8C29-8BD847B4C90C}.AppStore|ARM.ActiveCfg = Release|ARM
		{37ECE54D-34ED-44F0-8C29-8BD847B4C90C}.AppStore|ARM.Build.0 = Release|ARM
		{37ECE54D-34ED-44F0-8C29-8BD847B4C90C}.AppStore|ARM.Deploy.0 = Release|ARM
		{37ECE54D-34ED-44F0-8C29-8BD847B4C90C}.AppStore|iPhone.ActiveCfg = Release|Any CPU
		{37ECE54D-34ED-44F0-8C29-8BD847B4C90C}.AppStore|iPhone.Build.0 = Release|Any CPU
		{37ECE54D-34ED-44F0-8C29-8BD847B4C90C}.AppStore|iPhone.Deploy.0 = Release|Any CPU
		{37ECE54D-34ED-44F0-8C29-8BD847B4C90C}.AppStore|iPhoneSimulator.ActiveCfg = Release|Any CPU
		{37ECE54D-34ED-44F0-8C29-8BD847B4C90C}.AppStore|iPhoneSimulator.Build.0 = Release|Any CPU
		{37ECE54D-34ED-44F0-8C29-8BD847B4C90C}.AppStore|iPhoneSimulator.Deploy.0 = Release|Any CPU
		{37ECE54D-34ED-44F0-8C29-8BD847B4C90C}.AppStore|x86.ActiveCfg = Release|x86
		{37ECE54D-34ED-44F0-8C29-8BD847B4C90C}.AppStore|x86.Build.0 = Release|x86
		{37ECE54D-34ED-44F0-8C29-8BD847B4C90C}.AppStore|x86.Deploy.0 = Release|x86
		{37ECE54D-34ED-44F0-8C29-8BD847B4C90C}.Debug|Any CPU.ActiveCfg = Debug|Any CPU
		{37ECE54D-34ED-44F0-8C29-8BD847B4C90C}.Debug|Any CPU.Build.0 = Debug|Any CPU
		{37ECE54D-34ED-44F0-8C29-8BD847B4C90C}.Debug|Any CPU.Deploy.0 = Debug|Any CPU
		{37ECE54D-34ED-44F0-8C29-8BD847B4C90C}.Debug|ARM.ActiveCfg = Debug|ARM
		{37ECE54D-34ED-44F0-8C29-8BD847B4C90C}.Debug|ARM.Build.0 = Debug|ARM
		{37ECE54D-34ED-44F0-8C29-8BD847B4C90C}.Debug|ARM.Deploy.0 = Debug|ARM
		{37ECE54D-34ED-44F0-8C29-8BD847B4C90C}.Debug|iPhone.ActiveCfg = Debug|Any CPU
		{37ECE54D-34ED-44F0-8C29-8BD847B4C90C}.Debug|iPhone.Build.0 = Debug|Any CPU
		{37ECE54D-34ED-44F0-8C29-8BD847B4C90C}.Debug|iPhone.Deploy.0 = Debug|Any CPU
		{37ECE54D-34ED-44F0-8C29-8BD847B4C90C}.Debug|iPhoneSimulator.ActiveCfg = Debug|Any CPU
		{37ECE54D-34ED-44F0-8C29-8BD847B4C90C}.Debug|iPhoneSimulator.Build.0 = Debug|Any CPU
		{37ECE54D-34ED-44F0-8C29-8BD847B4C90C}.Debug|iPhoneSimulator.Deploy.0 = Debug|Any CPU
		{37ECE54D-34ED-44F0-8C29-8BD847B4C90C}.Debug|x86.ActiveCfg = Debug|x86
		{37ECE54D-34ED-44F0-8C29-8BD847B4C90C}.Debug|x86.Build.0 = Debug|x86
		{37ECE54D-34ED-44F0-8C29-8BD847B4C90C}.Debug|x86.Deploy.0 = Debug|x86
		{37ECE54D-34ED-44F0-8C29-8BD847B4C90C}.Release|Any CPU.ActiveCfg = Release|Any CPU
		{37ECE54D-34ED-44F0-8C29-8BD847B4C90C}.Release|Any CPU.Build.0 = Release|Any CPU
		{37ECE54D-34ED-44F0-8C29-8BD847B4C90C}.Release|Any CPU.Deploy.0 = Release|Any CPU
		{37ECE54D-34ED-44F0-8C29-8BD847B4C90C}.Release|ARM.ActiveCfg = Release|ARM
		{37ECE54D-34ED-44F0-8C29-8BD847B4C90C}.Release|ARM.Build.0 = Release|ARM
		{37ECE54D-34ED-44F0-8C29-8BD847B4C90C}.Release|ARM.Deploy.0 = Release|ARM
		{37ECE54D-34ED-44F0-8C29-8BD847B4C90C}.Release|iPhone.ActiveCfg = Release|Any CPU
		{37ECE54D-34ED-44F0-8C29-8BD847B4C90C}.Release|iPhone.Build.0 = Release|Any CPU
		{37ECE54D-34ED-44F0-8C29-8BD847B4C90C}.Release|iPhone.Deploy.0 = Release|Any CPU
		{37ECE54D-34ED-44F0-8C29-8BD847B4C90C}.Release|iPhoneSimulator.ActiveCfg = Release|Any CPU
		{37ECE54D-34ED-44F0-8C29-8BD847B4C90C}.Release|iPhoneSimulator.Build.0 = Release|Any CPU
		{37ECE54D-34ED-44F0-8C29-8BD847B4C90C}.Release|iPhoneSimulator.Deploy.0 = Release|Any CPU
		{37ECE54D-34ED-44F0-8C29-8BD847B4C90C}.Release|x86.ActiveCfg = Release|x86
		{37ECE54D-34ED-44F0-8C29-8BD847B4C90C}.Release|x86.Build.0 = Release|x86
		{37ECE54D-34ED-44F0-8C29-8BD847B4C90C}.Release|x86.Deploy.0 = Release|x86
		{45056F7C-B830-4510-9297-4390303CDD18}.AppStore|Any CPU.ActiveCfg = Release|Any CPU
		{45056F7C-B830-4510-9297-4390303CDD18}.AppStore|Any CPU.Build.0 = Release|Any CPU
		{45056F7C-B830-4510-9297-4390303CDD18}.AppStore|ARM.ActiveCfg = Release|Any CPU
		{45056F7C-B830-4510-9297-4390303CDD18}.AppStore|ARM.Build.0 = Release|Any CPU
		{45056F7C-B830-4510-9297-4390303CDD18}.AppStore|iPhone.ActiveCfg = Release|Any CPU
		{45056F7C-B830-4510-9297-4390303CDD18}.AppStore|iPhone.Build.0 = Release|Any CPU
		{45056F7C-B830-4510-9297-4390303CDD18}.AppStore|iPhoneSimulator.ActiveCfg = Release|Any CPU
		{45056F7C-B830-4510-9297-4390303CDD18}.AppStore|iPhoneSimulator.Build.0 = Release|Any CPU
		{45056F7C-B830-4510-9297-4390303CDD18}.AppStore|x86.ActiveCfg = Release|Any CPU
		{45056F7C-B830-4510-9297-4390303CDD18}.AppStore|x86.Build.0 = Release|Any CPU
		{45056F7C-B830-4510-9297-4390303CDD18}.Debug|Any CPU.ActiveCfg = Debug|Any CPU
		{45056F7C-B830-4510-9297-4390303CDD18}.Debug|Any CPU.Build.0 = Debug|Any CPU
		{45056F7C-B830-4510-9297-4390303CDD18}.Debug|ARM.ActiveCfg = Debug|Any CPU
		{45056F7C-B830-4510-9297-4390303CDD18}.Debug|ARM.Build.0 = Debug|Any CPU
		{45056F7C-B830-4510-9297-4390303CDD18}.Debug|iPhone.ActiveCfg = Debug|Any CPU
		{45056F7C-B830-4510-9297-4390303CDD18}.Debug|iPhone.Build.0 = Debug|Any CPU
		{45056F7C-B830-4510-9297-4390303CDD18}.Debug|iPhoneSimulator.ActiveCfg = Debug|Any CPU
		{45056F7C-B830-4510-9297-4390303CDD18}.Debug|iPhoneSimulator.Build.0 = Debug|Any CPU
		{45056F7C-B830-4510-9297-4390303CDD18}.Debug|x86.ActiveCfg = Debug|Any CPU
		{45056F7C-B830-4510-9297-4390303CDD18}.Debug|x86.Build.0 = Debug|Any CPU
		{45056F7C-B830-4510-9297-4390303CDD18}.Release|Any CPU.ActiveCfg = Release|Any CPU
		{45056F7C-B830-4510-9297-4390303CDD18}.Release|Any CPU.Build.0 = Release|Any CPU
		{45056F7C-B830-4510-9297-4390303CDD18}.Release|ARM.ActiveCfg = Release|Any CPU
		{45056F7C-B830-4510-9297-4390303CDD18}.Release|ARM.Build.0 = Release|Any CPU
		{45056F7C-B830-4510-9297-4390303CDD18}.Release|iPhone.ActiveCfg = Release|Any CPU
		{45056F7C-B830-4510-9297-4390303CDD18}.Release|iPhone.Build.0 = Release|Any CPU
		{45056F7C-B830-4510-9297-4390303CDD18}.Release|iPhoneSimulator.ActiveCfg = Release|Any CPU
		{45056F7C-B830-4510-9297-4390303CDD18}.Release|iPhoneSimulator.Build.0 = Release|Any CPU
		{45056F7C-B830-4510-9297-4390303CDD18}.Release|x86.ActiveCfg = Release|Any CPU
		{45056F7C-B830-4510-9297-4390303CDD18}.Release|x86.Build.0 = Release|Any CPU
	EndGlobalSection
	GlobalSection(SolutionProperties) = preSolution
		HideSolutionNode = FALSE
	EndGlobalSection
EndGlobal
